// !$*UTF8*$!
{
	archiveVersion = 1;
	classes = {
	};
	objectVersion = 77;
	objects = {

/* Begin PBXBuildFile section */
		118412A82CAFCFF90062BDB2 /* MallMap in Frameworks */ = {isa = PBXBuildFile; productRef = 118412A72CAFCFF90062BDB2 /* MallMap */; };
		11EBED012CC54F890069EE18 /* FlooqiClip.app in Embed App Clips */ = {isa = PBXBuildFile; fileRef = 11EBECF22CC54F880069EE18 /* FlooqiClip.app */; settings = {ATTRIBUTES = (RemoveHeadersOnCopy, ); }; };
		11EBED082CC54FB20069EE18 /* MallMap in Frameworks */ = {isa = PBXBuildFile; productRef = 11EBED072CC54FB20069EE18 /* MallMap */; };
		C20897632CC2503E00CEE914 /* LocationManager.swift in Sources */ = {isa = PBXBuildFile; fileRef = C20897612CC2503E00CEE914 /* LocationManager.swift */; };
/* End PBXBuildFile section */

/* Begin PBXContainerItemProxy section */
		11E915112CABE22F00BD1CB3 /* PBXContainerItemProxy */ = {
			isa = PBXContainerItemProxy;
			containerPortal = 11E914F82CABE22D00BD1CB3 /* Project object */;
			proxyType = 1;
			remoteGlobalIDString = 11E914FF2CABE22D00BD1CB3;
			remoteInfo = IndoorMappingNav;
		};
		11E9151B2CABE22F00BD1CB3 /* PBXContainerItemProxy */ = {
			isa = PBXContainerItemProxy;
			containerPortal = 11E914F82CABE22D00BD1CB3 /* Project object */;
			proxyType = 1;
			remoteGlobalIDString = 11E914FF2CABE22D00BD1CB3;
			remoteInfo = IndoorMappingNav;
		};
		11EBECFF2CC54F890069EE18 /* PBXContainerItemProxy */ = {
			isa = PBXContainerItemProxy;
			containerPortal = 11E914F82CABE22D00BD1CB3 /* Project object */;
			proxyType = 1;
			remoteGlobalIDString = 11EBECF12CC54F880069EE18;
			remoteInfo = FlooqiClip;
		};
/* End PBXContainerItemProxy section */

/* Begin PBXCopyFilesBuildPhase section */
		11EBED062CC54F890069EE18 /* Embed App Clips */ = {
			isa = PBXCopyFilesBuildPhase;
			buildActionMask = 2147483647;
			dstPath = "$(CONTENTS_FOLDER_PATH)/AppClips";
			dstSubfolderSpec = 16;
			files = (
				11EBED012CC54F890069EE18 /* FlooqiClip.app in Embed App Clips */,
			);
			name = "Embed App Clips";
			runOnlyForDeploymentPostprocessing = 0;
		};
/* End PBXCopyFilesBuildPhase section */

/* Begin PBXFileReference section */
		11985E5E2CBD023B000869B1 /* Flooqi.app */ = {isa = PBXFileReference; explicitFileType = wrapper.application; includeInIndex = 0; path = Flooqi.app; sourceTree = BUILT_PRODUCTS_DIR; };
		11985E6F2CBD023D000869B1 /* FlooqiTests.xctest */ = {isa = PBXFileReference; explicitFileType = wrapper.cfbundle; includeInIndex = 0; path = FlooqiTests.xctest; sourceTree = BUILT_PRODUCTS_DIR; };
		11985E792CBD023D000869B1 /* FlooqiUITests.xctest */ = {isa = PBXFileReference; explicitFileType = wrapper.cfbundle; includeInIndex = 0; path = FlooqiUITests.xctest; sourceTree = BUILT_PRODUCTS_DIR; };
		11E915002CABE22D00BD1CB3 /* IndoorMappingNav.app */ = {isa = PBXFileReference; explicitFileType = wrapper.application; includeInIndex = 0; path = IndoorMappingNav.app; sourceTree = BUILT_PRODUCTS_DIR; };
		11E915102CABE22F00BD1CB3 /* IndoorMappingNavTests.xctest */ = {isa = PBXFileReference; explicitFileType = wrapper.cfbundle; includeInIndex = 0; path = IndoorMappingNavTests.xctest; sourceTree = BUILT_PRODUCTS_DIR; };
		11E9151A2CABE22F00BD1CB3 /* IndoorMappingNavUITests.xctest */ = {isa = PBXFileReference; explicitFileType = wrapper.cfbundle; includeInIndex = 0; path = IndoorMappingNavUITests.xctest; sourceTree = BUILT_PRODUCTS_DIR; };
		11EBECF22CC54F880069EE18 /* FlooqiClip.app */ = {isa = PBXFileReference; explicitFileType = wrapper.application; includeInIndex = 0; path = FlooqiClip.app; sourceTree = BUILT_PRODUCTS_DIR; };
		C20897612CC2503E00CEE914 /* LocationManager.swift */ = {isa = PBXFileReference; lastKnownFileType = sourcecode.swift; path = LocationManager.swift; sourceTree = "<group>"; };
/* End PBXFileReference section */

/* Begin PBXFileSystemSynchronizedBuildFileExceptionSet section */
		118412A42CAFCFB40062BDB2 /* Exceptions for "IndoorMappingNav" folder in "IndoorMappingNav" target */ = {
			isa = PBXFileSystemSynchronizedBuildFileExceptionSet;
			membershipExceptions = (
				Info.plist,
				Package/MallMap,
			);
			target = 11E914FF2CABE22D00BD1CB3 /* IndoorMappingNav */;
		};
		11EBED052CC54F890069EE18 /* Exceptions for "FlooqiClip" folder in "FlooqiClip" target */ = {
			isa = PBXFileSystemSynchronizedBuildFileExceptionSet;
			membershipExceptions = (
				Info.plist,
			);
			target = 11EBECF12CC54F880069EE18 /* FlooqiClip */;
		};
		11EBED0B2CC54FC70069EE18 /* Exceptions for "IndoorMappingNav" folder in "FlooqiClip" target */ = {
			isa = PBXFileSystemSynchronizedBuildFileExceptionSet;
			membershipExceptions = (
				Assets.xcassets,
				"Assets/Fonts/SFProText-Bold.otf",
				"Assets/Fonts/SFProText-Regular.otf",
				"Assets/Fonts/SFProText-Semibold.otf",
				Helper/CloudKitController.swift,
				Helper/Directions.swift,
				Helper/FloorAbbreviation.swift,
				"Helper/Font+Extension.swift",
				Helper/MapLoader.swift,
				Helper/PathfindingHelper3D.swift,
				Helper/PathfindingService.swift,
				Helper/PathfindingService2D.swift,
				"Helper/String+Extension.swift",
				Model/Category.swift,
				Model/Mall.swift,
				Model/Store.swift,
				Model/SubCategory.swift,
				"View/Component/Button Instruction/JumpToEndButton.swift",
				"View/Component/Button Instruction/RestartButton.swift",
				View/Component/CategoryButton.swift,
				View/Component/CustomBadge.swift,
				View/Component/CustomCornerShape.swift,
				View/Component/FirstStepCard.swift,
				"View/Component/Floor Button/FloorButton.swift",
				"View/Component/Floor Button/FloorButtons.swift",
				View/Component/IconWithBorder.swift,
				View/Component/Instructions/InstructionCard.swift,
				View/Component/Instructions/InstructionList.swift,
				View/Component/LongButton.swift,
				View/Component/MallSelected.swift,
				View/Component/Molecule/SubCategoryTab.swift,
				View/Component/NavigateButton.swift,
				View/Component/NavigationSheet.swift,
				View/Component/Organism/CategorySheet.swift,
				View/Component/Organism/NavigationSheetDetail.swift,
				View/Component/PopUp.swift,
				"View/Component/Search Bars/SearchBar.swift",
				"View/Component/Search Bars/SearchBarDouble.swift",
				"View/Component/Search Bars/SearchBarWithCancel.swift",
				"View/Component/Search Bars/SearchBarWithChevron.swift",
				"View/Component/Search Bars/SearchResult.swift",
				View/Component/SpecificCategory.swift,
				View/Component/StepCard.swift,
				View/Component/StoreCard.swift,
				View/Component/SubCategoryCard.swift,
				View/Component/SubCategoryDetailView.swift,
				View/Component/SwipingFinger.swift,
				View/Component/TapSearchBarButton.swift,
				View/Component/ToiletIcon.swift,
				View/HomeView.swift,
				View/HomeViewComponents.swift,
				View/ImageCarousel.swift,
				View/MapNavigateView_3D.swift,
				View/NavigateView.swift,
				View/OverlayView.swift,
				View/SearchPageView.swift,
				View/StoreDetailView.swift,
				"ViewModel/CategorySheet-ViewModel.swift",
				"ViewModel/HomeView-ViewModel.swift",
				"ViewModel/MapNavigateView_3D-ViewModel.swift",
				"ViewModel/SearchPageView-ViewModel.swift",
				"ViewModel/StoreDetailView-ViewModel.swift",
				ViewModel/TemporaryFile.swift,
			);
			target = 11EBECF12CC54F880069EE18 /* FlooqiClip */;
		};
/* End PBXFileSystemSynchronizedBuildFileExceptionSet section */

/* Begin PBXFileSystemSynchronizedRootGroup section */
		11E915022CABE22D00BD1CB3 /* IndoorMappingNav */ = {
			isa = PBXFileSystemSynchronizedRootGroup;
			exceptions = (
				118412A42CAFCFB40062BDB2 /* Exceptions for "IndoorMappingNav" folder in "IndoorMappingNav" target */,
				11EBED0B2CC54FC70069EE18 /* Exceptions for "IndoorMappingNav" folder in "FlooqiClip" target */,
			);
			path = IndoorMappingNav;
			sourceTree = "<group>";
		};
		11E915132CABE22F00BD1CB3 /* IndoorMappingNavTests */ = {
			isa = PBXFileSystemSynchronizedRootGroup;
			path = IndoorMappingNavTests;
			sourceTree = "<group>";
		};
		11E9151D2CABE22F00BD1CB3 /* IndoorMappingNavUITests */ = {
			isa = PBXFileSystemSynchronizedRootGroup;
			path = IndoorMappingNavUITests;
			sourceTree = "<group>";
		};
		11EBECF32CC54F880069EE18 /* FlooqiClip */ = {
			isa = PBXFileSystemSynchronizedRootGroup;
			exceptions = (
				11EBED052CC54F890069EE18 /* Exceptions for "FlooqiClip" folder in "FlooqiClip" target */,
			);
			path = FlooqiClip;
			sourceTree = "<group>";
		};
/* End PBXFileSystemSynchronizedRootGroup section */

/* Begin PBXFrameworksBuildPhase section */
		11E914FD2CABE22D00BD1CB3 /* Frameworks */ = {
			isa = PBXFrameworksBuildPhase;
			buildActionMask = 2147483647;
			files = (
				118412A82CAFCFF90062BDB2 /* MallMap in Frameworks */,
			);
			runOnlyForDeploymentPostprocessing = 0;
		};
		11E9150D2CABE22F00BD1CB3 /* Frameworks */ = {
			isa = PBXFrameworksBuildPhase;
			buildActionMask = 2147483647;
			files = (
			);
			runOnlyForDeploymentPostprocessing = 0;
		};
		11E915172CABE22F00BD1CB3 /* Frameworks */ = {
			isa = PBXFrameworksBuildPhase;
			buildActionMask = 2147483647;
			files = (
			);
			runOnlyForDeploymentPostprocessing = 0;
		};
		11EBECEF2CC54F880069EE18 /* Frameworks */ = {
			isa = PBXFrameworksBuildPhase;
			buildActionMask = 2147483647;
			files = (
				11EBED082CC54FB20069EE18 /* MallMap in Frameworks */,
			);
			runOnlyForDeploymentPostprocessing = 0;
		};
/* End PBXFrameworksBuildPhase section */

/* Begin PBXGroup section */
		118412A62CAFCFF90062BDB2 /* Frameworks */ = {
			isa = PBXGroup;
			children = (
			);
			name = Frameworks;
			sourceTree = "<group>";
		};
		11E914F72CABE22D00BD1CB3 = {
			isa = PBXGroup;
			children = (
				C20897612CC2503E00CEE914 /* LocationManager.swift */,
				11E915022CABE22D00BD1CB3 /* IndoorMappingNav */,
				11E915132CABE22F00BD1CB3 /* IndoorMappingNavTests */,
				11E9151D2CABE22F00BD1CB3 /* IndoorMappingNavUITests */,
				11EBECF32CC54F880069EE18 /* FlooqiClip */,
				118412A62CAFCFF90062BDB2 /* Frameworks */,
				11E915012CABE22D00BD1CB3 /* Products */,
			);
			sourceTree = "<group>";
		};
		11E915012CABE22D00BD1CB3 /* Products */ = {
			isa = PBXGroup;
			children = (
				11E915002CABE22D00BD1CB3 /* IndoorMappingNav.app */,
				11E915102CABE22F00BD1CB3 /* IndoorMappingNavTests.xctest */,
				11E9151A2CABE22F00BD1CB3 /* IndoorMappingNavUITests.xctest */,
				11985E5E2CBD023B000869B1 /* Flooqi.app */,
				11985E6F2CBD023D000869B1 /* FlooqiTests.xctest */,
				11985E792CBD023D000869B1 /* FlooqiUITests.xctest */,
				11EBECF22CC54F880069EE18 /* FlooqiClip.app */,
			);
			name = Products;
			sourceTree = "<group>";
		};
/* End PBXGroup section */

/* Begin PBXNativeTarget section */
		11E914FF2CABE22D00BD1CB3 /* IndoorMappingNav */ = {
			isa = PBXNativeTarget;
			buildConfigurationList = 11E915242CABE22F00BD1CB3 /* Build configuration list for PBXNativeTarget "IndoorMappingNav" */;
			buildPhases = (
				11E914FC2CABE22D00BD1CB3 /* Sources */,
				11E914FD2CABE22D00BD1CB3 /* Frameworks */,
				11E914FE2CABE22D00BD1CB3 /* Resources */,
				11EBED062CC54F890069EE18 /* Embed App Clips */,
			);
			buildRules = (
			);
			dependencies = (
				11EBED002CC54F890069EE18 /* PBXTargetDependency */,
			);
			fileSystemSynchronizedGroups = (
				11E915022CABE22D00BD1CB3 /* IndoorMappingNav */,
			);
			name = IndoorMappingNav;
			packageProductDependencies = (
				118412A72CAFCFF90062BDB2 /* MallMap */,
			);
			productName = IndoorMappingNav;
			productReference = 11E915002CABE22D00BD1CB3 /* IndoorMappingNav.app */;
			productType = "com.apple.product-type.application";
		};
		11E9150F2CABE22F00BD1CB3 /* IndoorMappingNavTests */ = {
			isa = PBXNativeTarget;
			buildConfigurationList = 11E915272CABE22F00BD1CB3 /* Build configuration list for PBXNativeTarget "IndoorMappingNavTests" */;
			buildPhases = (
				11E9150C2CABE22F00BD1CB3 /* Sources */,
				11E9150D2CABE22F00BD1CB3 /* Frameworks */,
				11E9150E2CABE22F00BD1CB3 /* Resources */,
			);
			buildRules = (
			);
			dependencies = (
				11E915122CABE22F00BD1CB3 /* PBXTargetDependency */,
			);
			fileSystemSynchronizedGroups = (
				11E915132CABE22F00BD1CB3 /* IndoorMappingNavTests */,
			);
			name = IndoorMappingNavTests;
			packageProductDependencies = (
			);
			productName = IndoorMappingNavTests;
			productReference = 11E915102CABE22F00BD1CB3 /* IndoorMappingNavTests.xctest */;
			productType = "com.apple.product-type.bundle.unit-test";
		};
		11E915192CABE22F00BD1CB3 /* IndoorMappingNavUITests */ = {
			isa = PBXNativeTarget;
			buildConfigurationList = 11E9152A2CABE22F00BD1CB3 /* Build configuration list for PBXNativeTarget "IndoorMappingNavUITests" */;
			buildPhases = (
				11E915162CABE22F00BD1CB3 /* Sources */,
				11E915172CABE22F00BD1CB3 /* Frameworks */,
				11E915182CABE22F00BD1CB3 /* Resources */,
			);
			buildRules = (
			);
			dependencies = (
				11E9151C2CABE22F00BD1CB3 /* PBXTargetDependency */,
			);
			fileSystemSynchronizedGroups = (
				11E9151D2CABE22F00BD1CB3 /* IndoorMappingNavUITests */,
			);
			name = IndoorMappingNavUITests;
			packageProductDependencies = (
			);
			productName = IndoorMappingNavUITests;
			productReference = 11E9151A2CABE22F00BD1CB3 /* IndoorMappingNavUITests.xctest */;
			productType = "com.apple.product-type.bundle.ui-testing";
		};
		11EBECF12CC54F880069EE18 /* FlooqiClip */ = {
			isa = PBXNativeTarget;
			buildConfigurationList = 11EBED022CC54F890069EE18 /* Build configuration list for PBXNativeTarget "FlooqiClip" */;
			buildPhases = (
				11EBECEE2CC54F880069EE18 /* Sources */,
				11EBECEF2CC54F880069EE18 /* Frameworks */,
				11EBECF02CC54F880069EE18 /* Resources */,
			);
			buildRules = (
			);
			dependencies = (
			);
			fileSystemSynchronizedGroups = (
				11EBECF32CC54F880069EE18 /* FlooqiClip */,
			);
			name = FlooqiClip;
			packageProductDependencies = (
				11EBED072CC54FB20069EE18 /* MallMap */,
			);
			productName = FlooqiClip;
			productReference = 11EBECF22CC54F880069EE18 /* FlooqiClip.app */;
			productType = "com.apple.product-type.application.on-demand-install-capable";
		};
/* End PBXNativeTarget section */

/* Begin PBXProject section */
		11E914F82CABE22D00BD1CB3 /* Project object */ = {
			isa = PBXProject;
			attributes = {
				BuildIndependentTargetsInParallel = 1;
				LastSwiftUpdateCheck = 1600;
				LastUpgradeCheck = 1600;
				TargetAttributes = {
					11E914FF2CABE22D00BD1CB3 = {
						CreatedOnToolsVersion = 16.0;
					};
					11E9150F2CABE22F00BD1CB3 = {
						CreatedOnToolsVersion = 16.0;
						TestTargetID = 11E914FF2CABE22D00BD1CB3;
					};
					11E915192CABE22F00BD1CB3 = {
						CreatedOnToolsVersion = 16.0;
						TestTargetID = 11E914FF2CABE22D00BD1CB3;
					};
					11EBECF12CC54F880069EE18 = {
						CreatedOnToolsVersion = 16.0;
					};
				};
			};
			buildConfigurationList = 11E914FB2CABE22D00BD1CB3 /* Build configuration list for PBXProject "IndoorMappingNav" */;
			developmentRegion = en;
			hasScannedForEncodings = 0;
			knownRegions = (
				en,
				Base,
			);
			mainGroup = 11E914F72CABE22D00BD1CB3;
			minimizedProjectReferenceProxies = 1;
			packageReferences = (
			);
			preferredProjectObjectVersion = 77;
			productRefGroup = 11E915012CABE22D00BD1CB3 /* Products */;
			projectDirPath = "";
			projectRoot = "";
			targets = (
				11E914FF2CABE22D00BD1CB3 /* IndoorMappingNav */,
				11E9150F2CABE22F00BD1CB3 /* IndoorMappingNavTests */,
				11E915192CABE22F00BD1CB3 /* IndoorMappingNavUITests */,
				11EBECF12CC54F880069EE18 /* FlooqiClip */,
			);
		};
/* End PBXProject section */

/* Begin PBXResourcesBuildPhase section */
		11E914FE2CABE22D00BD1CB3 /* Resources */ = {
			isa = PBXResourcesBuildPhase;
			buildActionMask = 2147483647;
			files = (
			);
			runOnlyForDeploymentPostprocessing = 0;
		};
		11E9150E2CABE22F00BD1CB3 /* Resources */ = {
			isa = PBXResourcesBuildPhase;
			buildActionMask = 2147483647;
			files = (
			);
			runOnlyForDeploymentPostprocessing = 0;
		};
		11E915182CABE22F00BD1CB3 /* Resources */ = {
			isa = PBXResourcesBuildPhase;
			buildActionMask = 2147483647;
			files = (
			);
			runOnlyForDeploymentPostprocessing = 0;
		};
		11EBECF02CC54F880069EE18 /* Resources */ = {
			isa = PBXResourcesBuildPhase;
			buildActionMask = 2147483647;
			files = (
			);
			runOnlyForDeploymentPostprocessing = 0;
		};
/* End PBXResourcesBuildPhase section */

/* Begin PBXSourcesBuildPhase section */
		11E914FC2CABE22D00BD1CB3 /* Sources */ = {
			isa = PBXSourcesBuildPhase;
			buildActionMask = 2147483647;
			files = (
				C20897632CC2503E00CEE914 /* LocationManager.swift in Sources */,
			);
			runOnlyForDeploymentPostprocessing = 0;
		};
		11E9150C2CABE22F00BD1CB3 /* Sources */ = {
			isa = PBXSourcesBuildPhase;
			buildActionMask = 2147483647;
			files = (
			);
			runOnlyForDeploymentPostprocessing = 0;
		};
		11E915162CABE22F00BD1CB3 /* Sources */ = {
			isa = PBXSourcesBuildPhase;
			buildActionMask = 2147483647;
			files = (
			);
			runOnlyForDeploymentPostprocessing = 0;
		};
		11EBECEE2CC54F880069EE18 /* Sources */ = {
			isa = PBXSourcesBuildPhase;
			buildActionMask = 2147483647;
			files = (
			);
			runOnlyForDeploymentPostprocessing = 0;
		};
/* End PBXSourcesBuildPhase section */

/* Begin PBXTargetDependency section */
		11E915122CABE22F00BD1CB3 /* PBXTargetDependency */ = {
			isa = PBXTargetDependency;
			target = 11E914FF2CABE22D00BD1CB3 /* IndoorMappingNav */;
			targetProxy = 11E915112CABE22F00BD1CB3 /* PBXContainerItemProxy */;
		};
		11E9151C2CABE22F00BD1CB3 /* PBXTargetDependency */ = {
			isa = PBXTargetDependency;
			target = 11E914FF2CABE22D00BD1CB3 /* IndoorMappingNav */;
			targetProxy = 11E9151B2CABE22F00BD1CB3 /* PBXContainerItemProxy */;
		};
		11EBED002CC54F890069EE18 /* PBXTargetDependency */ = {
			isa = PBXTargetDependency;
			target = 11EBECF12CC54F880069EE18 /* FlooqiClip */;
			targetProxy = 11EBECFF2CC54F890069EE18 /* PBXContainerItemProxy */;
		};
/* End PBXTargetDependency section */

/* Begin XCBuildConfiguration section */
		11E915222CABE22F00BD1CB3 /* Debug */ = {
			isa = XCBuildConfiguration;
			buildSettings = {
				ALWAYS_SEARCH_USER_PATHS = NO;
				ASSETCATALOG_COMPILER_GENERATE_SWIFT_ASSET_SYMBOL_EXTENSIONS = YES;
				CLANG_ANALYZER_NONNULL = YES;
				CLANG_ANALYZER_NUMBER_OBJECT_CONVERSION = YES_AGGRESSIVE;
				CLANG_CXX_LANGUAGE_STANDARD = "gnu++20";
				CLANG_ENABLE_MODULES = YES;
				CLANG_ENABLE_OBJC_ARC = YES;
				CLANG_ENABLE_OBJC_WEAK = YES;
				CLANG_WARN_BLOCK_CAPTURE_AUTORELEASING = YES;
				CLANG_WARN_BOOL_CONVERSION = YES;
				CLANG_WARN_COMMA = YES;
				CLANG_WARN_CONSTANT_CONVERSION = YES;
				CLANG_WARN_DEPRECATED_OBJC_IMPLEMENTATIONS = YES;
				CLANG_WARN_DIRECT_OBJC_ISA_USAGE = YES_ERROR;
				CLANG_WARN_DOCUMENTATION_COMMENTS = YES;
				CLANG_WARN_EMPTY_BODY = YES;
				CLANG_WARN_ENUM_CONVERSION = YES;
				CLANG_WARN_INFINITE_RECURSION = YES;
				CLANG_WARN_INT_CONVERSION = YES;
				CLANG_WARN_NON_LITERAL_NULL_CONVERSION = YES;
				CLANG_WARN_OBJC_IMPLICIT_RETAIN_SELF = YES;
				CLANG_WARN_OBJC_LITERAL_CONVERSION = YES;
				CLANG_WARN_OBJC_ROOT_CLASS = YES_ERROR;
				CLANG_WARN_QUOTED_INCLUDE_IN_FRAMEWORK_HEADER = YES;
				CLANG_WARN_RANGE_LOOP_ANALYSIS = YES;
				CLANG_WARN_STRICT_PROTOTYPES = YES;
				CLANG_WARN_SUSPICIOUS_MOVE = YES;
				CLANG_WARN_UNGUARDED_AVAILABILITY = YES_AGGRESSIVE;
				CLANG_WARN_UNREACHABLE_CODE = YES;
				CLANG_WARN__DUPLICATE_METHOD_MATCH = YES;
				COPY_PHASE_STRIP = NO;
				DEBUG_INFORMATION_FORMAT = dwarf;
				ENABLE_STRICT_OBJC_MSGSEND = YES;
				ENABLE_TESTABILITY = YES;
				ENABLE_USER_SCRIPT_SANDBOXING = YES;
				GCC_C_LANGUAGE_STANDARD = gnu17;
				GCC_DYNAMIC_NO_PIC = NO;
				GCC_NO_COMMON_BLOCKS = YES;
				GCC_OPTIMIZATION_LEVEL = 0;
				GCC_PREPROCESSOR_DEFINITIONS = (
					"DEBUG=1",
					"$(inherited)",
				);
				GCC_WARN_64_TO_32_BIT_CONVERSION = YES;
				GCC_WARN_ABOUT_RETURN_TYPE = YES_ERROR;
				GCC_WARN_UNDECLARED_SELECTOR = YES;
				GCC_WARN_UNINITIALIZED_AUTOS = YES_AGGRESSIVE;
				GCC_WARN_UNUSED_FUNCTION = YES;
				GCC_WARN_UNUSED_VARIABLE = YES;
				IPHONEOS_DEPLOYMENT_TARGET = 18.0;
				LOCALIZATION_PREFERS_STRING_CATALOGS = YES;
				MTL_ENABLE_DEBUG_INFO = INCLUDE_SOURCE;
				MTL_FAST_MATH = YES;
				ONLY_ACTIVE_ARCH = YES;
				SDKROOT = iphoneos;
				SWIFT_ACTIVE_COMPILATION_CONDITIONS = "DEBUG $(inherited)";
				SWIFT_OPTIMIZATION_LEVEL = "-Onone";
			};
			name = Debug;
		};
		11E915232CABE22F00BD1CB3 /* Release */ = {
			isa = XCBuildConfiguration;
			buildSettings = {
				ALWAYS_SEARCH_USER_PATHS = NO;
				ASSETCATALOG_COMPILER_GENERATE_SWIFT_ASSET_SYMBOL_EXTENSIONS = YES;
				CLANG_ANALYZER_NONNULL = YES;
				CLANG_ANALYZER_NUMBER_OBJECT_CONVERSION = YES_AGGRESSIVE;
				CLANG_CXX_LANGUAGE_STANDARD = "gnu++20";
				CLANG_ENABLE_MODULES = YES;
				CLANG_ENABLE_OBJC_ARC = YES;
				CLANG_ENABLE_OBJC_WEAK = YES;
				CLANG_WARN_BLOCK_CAPTURE_AUTORELEASING = YES;
				CLANG_WARN_BOOL_CONVERSION = YES;
				CLANG_WARN_COMMA = YES;
				CLANG_WARN_CONSTANT_CONVERSION = YES;
				CLANG_WARN_DEPRECATED_OBJC_IMPLEMENTATIONS = YES;
				CLANG_WARN_DIRECT_OBJC_ISA_USAGE = YES_ERROR;
				CLANG_WARN_DOCUMENTATION_COMMENTS = YES;
				CLANG_WARN_EMPTY_BODY = YES;
				CLANG_WARN_ENUM_CONVERSION = YES;
				CLANG_WARN_INFINITE_RECURSION = YES;
				CLANG_WARN_INT_CONVERSION = YES;
				CLANG_WARN_NON_LITERAL_NULL_CONVERSION = YES;
				CLANG_WARN_OBJC_IMPLICIT_RETAIN_SELF = YES;
				CLANG_WARN_OBJC_LITERAL_CONVERSION = YES;
				CLANG_WARN_OBJC_ROOT_CLASS = YES_ERROR;
				CLANG_WARN_QUOTED_INCLUDE_IN_FRAMEWORK_HEADER = YES;
				CLANG_WARN_RANGE_LOOP_ANALYSIS = YES;
				CLANG_WARN_STRICT_PROTOTYPES = YES;
				CLANG_WARN_SUSPICIOUS_MOVE = YES;
				CLANG_WARN_UNGUARDED_AVAILABILITY = YES_AGGRESSIVE;
				CLANG_WARN_UNREACHABLE_CODE = YES;
				CLANG_WARN__DUPLICATE_METHOD_MATCH = YES;
				COPY_PHASE_STRIP = NO;
				DEBUG_INFORMATION_FORMAT = "dwarf-with-dsym";
				ENABLE_NS_ASSERTIONS = NO;
				ENABLE_STRICT_OBJC_MSGSEND = YES;
				ENABLE_USER_SCRIPT_SANDBOXING = YES;
				GCC_C_LANGUAGE_STANDARD = gnu17;
				GCC_NO_COMMON_BLOCKS = YES;
				GCC_WARN_64_TO_32_BIT_CONVERSION = YES;
				GCC_WARN_ABOUT_RETURN_TYPE = YES_ERROR;
				GCC_WARN_UNDECLARED_SELECTOR = YES;
				GCC_WARN_UNINITIALIZED_AUTOS = YES_AGGRESSIVE;
				GCC_WARN_UNUSED_FUNCTION = YES;
				GCC_WARN_UNUSED_VARIABLE = YES;
				IPHONEOS_DEPLOYMENT_TARGET = 18.0;
				LOCALIZATION_PREFERS_STRING_CATALOGS = YES;
				MTL_ENABLE_DEBUG_INFO = NO;
				MTL_FAST_MATH = YES;
				SDKROOT = iphoneos;
				SWIFT_COMPILATION_MODE = wholemodule;
				VALIDATE_PRODUCT = YES;
			};
			name = Release;
		};
		11E915252CABE22F00BD1CB3 /* Debug */ = {
			isa = XCBuildConfiguration;
			buildSettings = {
				ASSETCATALOG_COMPILER_APPICON_NAME = AppIcon;
				ASSETCATALOG_COMPILER_GLOBAL_ACCENT_COLOR_NAME = AccentColor;
				CODE_SIGN_ENTITLEMENTS = IndoorMappingNav/IndoorMappingNav.entitlements;
				"CODE_SIGN_IDENTITY[sdk=iphoneos*]" = "iPhone Developer";
				CODE_SIGN_STYLE = Manual;
				CURRENT_PROJECT_VERSION = 1;
				DEVELOPMENT_ASSET_PATHS = "\"IndoorMappingNav/Preview Content\"";
				DEVELOPMENT_TEAM = "";
				"DEVELOPMENT_TEAM[sdk=iphoneos*]" = 53V73K3799;
				ENABLE_PREVIEWS = YES;
				GENERATE_INFOPLIST_FILE = YES;
				INFOPLIST_FILE = IndoorMappingNav/Info.plist;
				INFOPLIST_KEY_NSLocationWhenInUseUsageDescription = "Flooqi uses GPS to automatically detect your current mall.";
				INFOPLIST_KEY_UIApplicationSceneManifest_Generation = YES;
				INFOPLIST_KEY_UIApplicationSupportsIndirectInputEvents = YES;
				INFOPLIST_KEY_UILaunchScreen_Generation = YES;
				INFOPLIST_KEY_UISupportedInterfaceOrientations_iPad = "UIInterfaceOrientationPortrait UIInterfaceOrientationPortraitUpsideDown UIInterfaceOrientationLandscapeLeft UIInterfaceOrientationLandscapeRight";
				INFOPLIST_KEY_UISupportedInterfaceOrientations_iPhone = "UIInterfaceOrientationPortrait UIInterfaceOrientationLandscapeLeft UIInterfaceOrientationLandscapeRight";
				IPHONEOS_DEPLOYMENT_TARGET = 18.0;
				LD_RUNPATH_SEARCH_PATHS = (
					"$(inherited)",
					"@executable_path/Frameworks",
				);
				MARKETING_VERSION = 1.0;
				PRODUCT_BUNDLE_IDENTIFIER = com.apq.IndoorMappingNav;
				PRODUCT_NAME = "$(TARGET_NAME)";
				PROVISIONING_PROFILE_SPECIFIER = "";
				"PROVISIONING_PROFILE_SPECIFIER[sdk=iphoneos*]" = "APQ Team";
				SWIFT_EMIT_LOC_STRINGS = YES;
				SWIFT_VERSION = 5.0;
				TARGETED_DEVICE_FAMILY = "1,2";
			};
			name = Debug;
		};
		11E915262CABE22F00BD1CB3 /* Release */ = {
			isa = XCBuildConfiguration;
			buildSettings = {
				ASSETCATALOG_COMPILER_APPICON_NAME = AppIcon;
				ASSETCATALOG_COMPILER_GLOBAL_ACCENT_COLOR_NAME = AccentColor;
				CODE_SIGN_ENTITLEMENTS = IndoorMappingNav/IndoorMappingNav.entitlements;
				"CODE_SIGN_IDENTITY[sdk=iphoneos*]" = "iPhone Developer";
				CODE_SIGN_STYLE = Manual;
				CURRENT_PROJECT_VERSION = 1;
				DEVELOPMENT_ASSET_PATHS = "\"IndoorMappingNav/Preview Content\"";
				DEVELOPMENT_TEAM = "";
				"DEVELOPMENT_TEAM[sdk=iphoneos*]" = 53V73K3799;
				ENABLE_PREVIEWS = YES;
				GENERATE_INFOPLIST_FILE = YES;
				INFOPLIST_FILE = IndoorMappingNav/Info.plist;
				INFOPLIST_KEY_NSLocationWhenInUseUsageDescription = "Flooqi uses GPS to automatically detect your current mall.";
				INFOPLIST_KEY_UIApplicationSceneManifest_Generation = YES;
				INFOPLIST_KEY_UIApplicationSupportsIndirectInputEvents = YES;
				INFOPLIST_KEY_UILaunchScreen_Generation = YES;
				INFOPLIST_KEY_UISupportedInterfaceOrientations_iPad = "UIInterfaceOrientationPortrait UIInterfaceOrientationPortraitUpsideDown UIInterfaceOrientationLandscapeLeft UIInterfaceOrientationLandscapeRight";
				INFOPLIST_KEY_UISupportedInterfaceOrientations_iPhone = "UIInterfaceOrientationPortrait UIInterfaceOrientationLandscapeLeft UIInterfaceOrientationLandscapeRight";
				IPHONEOS_DEPLOYMENT_TARGET = 18.0;
				LD_RUNPATH_SEARCH_PATHS = (
					"$(inherited)",
					"@executable_path/Frameworks",
				);
				MARKETING_VERSION = 1.0;
				PRODUCT_BUNDLE_IDENTIFIER = com.apq.IndoorMappingNav;
				PRODUCT_NAME = "$(TARGET_NAME)";
				PROVISIONING_PROFILE_SPECIFIER = "";
				"PROVISIONING_PROFILE_SPECIFIER[sdk=iphoneos*]" = "APQ Team";
				SWIFT_EMIT_LOC_STRINGS = YES;
				SWIFT_VERSION = 5.0;
				TARGETED_DEVICE_FAMILY = "1,2";
			};
			name = Release;
		};
		11E915282CABE22F00BD1CB3 /* Debug */ = {
			isa = XCBuildConfiguration;
			buildSettings = {
				BUNDLE_LOADER = "$(TEST_HOST)";
				CODE_SIGN_STYLE = Automatic;
				CURRENT_PROJECT_VERSION = 1;
				DEVELOPMENT_TEAM = 6U87HWWFMX;
				GENERATE_INFOPLIST_FILE = YES;
				IPHONEOS_DEPLOYMENT_TARGET = 18.0;
				MARKETING_VERSION = 1.0;
				PRODUCT_BUNDLE_IDENTIFIER = com.apq.IndoorMappingNavTests;
				PRODUCT_NAME = "$(TARGET_NAME)";
				SWIFT_EMIT_LOC_STRINGS = NO;
				SWIFT_VERSION = 5.0;
				TARGETED_DEVICE_FAMILY = "1,2";
				TEST_HOST = "$(BUILT_PRODUCTS_DIR)/IndoorMappingNav.app/$(BUNDLE_EXECUTABLE_FOLDER_PATH)/IndoorMappingNav";
			};
			name = Debug;
		};
		11E915292CABE22F00BD1CB3 /* Release */ = {
			isa = XCBuildConfiguration;
			buildSettings = {
				BUNDLE_LOADER = "$(TEST_HOST)";
				CODE_SIGN_STYLE = Automatic;
				CURRENT_PROJECT_VERSION = 1;
				DEVELOPMENT_TEAM = 6U87HWWFMX;
				GENERATE_INFOPLIST_FILE = YES;
				IPHONEOS_DEPLOYMENT_TARGET = 18.0;
				MARKETING_VERSION = 1.0;
				PRODUCT_BUNDLE_IDENTIFIER = com.apq.IndoorMappingNavTests;
				PRODUCT_NAME = "$(TARGET_NAME)";
				SWIFT_EMIT_LOC_STRINGS = NO;
				SWIFT_VERSION = 5.0;
				TARGETED_DEVICE_FAMILY = "1,2";
				TEST_HOST = "$(BUILT_PRODUCTS_DIR)/IndoorMappingNav.app/$(BUNDLE_EXECUTABLE_FOLDER_PATH)/IndoorMappingNav";
			};
			name = Release;
		};
		11E9152B2CABE22F00BD1CB3 /* Debug */ = {
			isa = XCBuildConfiguration;
			buildSettings = {
				CODE_SIGN_STYLE = Automatic;
				CURRENT_PROJECT_VERSION = 1;
				DEVELOPMENT_TEAM = 6U87HWWFMX;
				GENERATE_INFOPLIST_FILE = YES;
				MARKETING_VERSION = 1.0;
				PRODUCT_BUNDLE_IDENTIFIER = com.apq.IndoorMappingNavUITests;
				PRODUCT_NAME = "$(TARGET_NAME)";
				SWIFT_EMIT_LOC_STRINGS = NO;
				SWIFT_VERSION = 5.0;
				TARGETED_DEVICE_FAMILY = "1,2";
				TEST_TARGET_NAME = IndoorMappingNav;
			};
			name = Debug;
		};
		11E9152C2CABE22F00BD1CB3 /* Release */ = {
			isa = XCBuildConfiguration;
			buildSettings = {
				CODE_SIGN_STYLE = Automatic;
				CURRENT_PROJECT_VERSION = 1;
				DEVELOPMENT_TEAM = 6U87HWWFMX;
				GENERATE_INFOPLIST_FILE = YES;
				MARKETING_VERSION = 1.0;
				PRODUCT_BUNDLE_IDENTIFIER = com.apq.IndoorMappingNavUITests;
				PRODUCT_NAME = "$(TARGET_NAME)";
				SWIFT_EMIT_LOC_STRINGS = NO;
				SWIFT_VERSION = 5.0;
				TARGETED_DEVICE_FAMILY = "1,2";
				TEST_TARGET_NAME = IndoorMappingNav;
			};
			name = Release;
		};
		11EBED032CC54F890069EE18 /* Debug */ = {
			isa = XCBuildConfiguration;
			buildSettings = {
				ASSETCATALOG_COMPILER_APPICON_NAME = AppIcon;
				ASSETCATALOG_COMPILER_GLOBAL_ACCENT_COLOR_NAME = AccentColor;
				CODE_SIGN_ENTITLEMENTS = FlooqiClip/FlooqiClip.entitlements;
				CODE_SIGN_IDENTITY = "Apple Development";
				CODE_SIGN_STYLE = Automatic;
				CURRENT_PROJECT_VERSION = 1;
				DEVELOPMENT_ASSET_PATHS = "\"FlooqiClip/Preview Content\"";
				DEVELOPMENT_TEAM = 53V73K3799;
				ENABLE_PREVIEWS = YES;
				GENERATE_INFOPLIST_FILE = YES;
				INFOPLIST_FILE = FlooqiClip/Info.plist;
				INFOPLIST_KEY_CFBundleDisplayName = IndoorMappingNav;
				INFOPLIST_KEY_UIApplicationSceneManifest_Generation = YES;
				INFOPLIST_KEY_UIApplicationSupportsIndirectInputEvents = YES;
				INFOPLIST_KEY_UILaunchScreen_Generation = YES;
				INFOPLIST_KEY_UISupportedInterfaceOrientations_iPad = "UIInterfaceOrientationPortrait UIInterfaceOrientationPortraitUpsideDown UIInterfaceOrientationLandscapeLeft UIInterfaceOrientationLandscapeRight";
				INFOPLIST_KEY_UISupportedInterfaceOrientations_iPhone = "UIInterfaceOrientationPortrait UIInterfaceOrientationLandscapeLeft UIInterfaceOrientationLandscapeRight";
				LD_RUNPATH_SEARCH_PATHS = (
					"$(inherited)",
					"@executable_path/Frameworks",
				);
				MARKETING_VERSION = 1.0;
				PRODUCT_BUNDLE_IDENTIFIER = com.apq.IndoorMappingNav.Clip;
				PRODUCT_NAME = "$(TARGET_NAME)";
				PROVISIONING_PROFILE_SPECIFIER = "";
				SWIFT_EMIT_LOC_STRINGS = YES;
				SWIFT_VERSION = 5.0;
				TARGETED_DEVICE_FAMILY = "1,2";
			};
			name = Debug;
		};
		11EBED042CC54F890069EE18 /* Release */ = {
			isa = XCBuildConfiguration;
			buildSettings = {
				ASSETCATALOG_COMPILER_APPICON_NAME = AppIcon;
				ASSETCATALOG_COMPILER_GLOBAL_ACCENT_COLOR_NAME = AccentColor;
				CODE_SIGN_ENTITLEMENTS = FlooqiClip/FlooqiClip.entitlements;
				CODE_SIGN_IDENTITY = "Apple Development";
				CODE_SIGN_STYLE = Automatic;
				CURRENT_PROJECT_VERSION = 1;
				DEVELOPMENT_ASSET_PATHS = "\"FlooqiClip/Preview Content\"";
				DEVELOPMENT_TEAM = 53V73K3799;
				ENABLE_PREVIEWS = YES;
				GENERATE_INFOPLIST_FILE = YES;
				INFOPLIST_FILE = FlooqiClip/Info.plist;
				INFOPLIST_KEY_CFBundleDisplayName = IndoorMappingNav;
				INFOPLIST_KEY_UIApplicationSceneManifest_Generation = YES;
				INFOPLIST_KEY_UIApplicationSupportsIndirectInputEvents = YES;
				INFOPLIST_KEY_UILaunchScreen_Generation = YES;
				INFOPLIST_KEY_UISupportedInterfaceOrientations_iPad = "UIInterfaceOrientationPortrait UIInterfaceOrientationPortraitUpsideDown UIInterfaceOrientationLandscapeLeft UIInterfaceOrientationLandscapeRight";
				INFOPLIST_KEY_UISupportedInterfaceOrientations_iPhone = "UIInterfaceOrientationPortrait UIInterfaceOrientationLandscapeLeft UIInterfaceOrientationLandscapeRight";
				LD_RUNPATH_SEARCH_PATHS = (
					"$(inherited)",
					"@executable_path/Frameworks",
				);
				MARKETING_VERSION = 1.0;
				PRODUCT_BUNDLE_IDENTIFIER = com.apq.IndoorMappingNav.Clip;
				PRODUCT_NAME = "$(TARGET_NAME)";
				PROVISIONING_PROFILE_SPECIFIER = "";
				SWIFT_EMIT_LOC_STRINGS = YES;
				SWIFT_VERSION = 5.0;
				TARGETED_DEVICE_FAMILY = "1,2";
			};
			name = Release;
		};
/* End XCBuildConfiguration section */

/* Begin XCConfigurationList section */
		11E914FB2CABE22D00BD1CB3 /* Build configuration list for PBXProject "IndoorMappingNav" */ = {
			isa = XCConfigurationList;
			buildConfigurations = (
				11E915222CABE22F00BD1CB3 /* Debug */,
				11E915232CABE22F00BD1CB3 /* Release */,
			);
			defaultConfigurationIsVisible = 0;
			defaultConfigurationName = Release;
		};
		11E915242CABE22F00BD1CB3 /* Build configuration list for PBXNativeTarget "IndoorMappingNav" */ = {
			isa = XCConfigurationList;
			buildConfigurations = (
				11E915252CABE22F00BD1CB3 /* Debug */,
				11E915262CABE22F00BD1CB3 /* Release */,
			);
			defaultConfigurationIsVisible = 0;
			defaultConfigurationName = Release;
		};
		11E915272CABE22F00BD1CB3 /* Build configuration list for PBXNativeTarget "IndoorMappingNavTests" */ = {
			isa = XCConfigurationList;
			buildConfigurations = (
				11E915282CABE22F00BD1CB3 /* Debug */,
				11E915292CABE22F00BD1CB3 /* Release */,
			);
			defaultConfigurationIsVisible = 0;
			defaultConfigurationName = Release;
		};
		11E9152A2CABE22F00BD1CB3 /* Build configuration list for PBXNativeTarget "IndoorMappingNavUITests" */ = {
			isa = XCConfigurationList;
			buildConfigurations = (
				11E9152B2CABE22F00BD1CB3 /* Debug */,
				11E9152C2CABE22F00BD1CB3 /* Release */,
			);
			defaultConfigurationIsVisible = 0;
			defaultConfigurationName = Release;
		};
		11EBED022CC54F890069EE18 /* Build configuration list for PBXNativeTarget "FlooqiClip" */ = {
			isa = XCConfigurationList;
			buildConfigurations = (
				11EBED032CC54F890069EE18 /* Debug */,
				11EBED042CC54F890069EE18 /* Release */,
			);
			defaultConfigurationIsVisible = 0;
			defaultConfigurationName = Release;
		};
/* End XCConfigurationList section */

/* Begin XCSwiftPackageProductDependency section */
		118412A72CAFCFF90062BDB2 /* MallMap */ = {
			isa = XCSwiftPackageProductDependency;
			productName = MallMap;
		};
		11EBED072CC54FB20069EE18 /* MallMap */ = {
			isa = XCSwiftPackageProductDependency;
			productName = MallMap;
		};
/* End XCSwiftPackageProductDependency section */
	};
	rootObject = 11E914F82CABE22D00BD1CB3 /* Project object */;
}
